// !$*UTF8*$!
{
	archiveVersion = 1;
	classes = {
	};
	objectVersion = 50;
	objects = {

/* Begin PBXBuildFile section */
		2871412824EF72AD0096387F /* AppDelegate.swift in Sources */ = {isa = PBXBuildFile; fileRef = 2871412724EF72AD0096387F /* AppDelegate.swift */; };
		2871412A24EF72AD0096387F /* SceneDelegate.swift in Sources */ = {isa = PBXBuildFile; fileRef = 2871412924EF72AD0096387F /* SceneDelegate.swift */; };
		2871412C24EF72AD0096387F /* ViewController.swift in Sources */ = {isa = PBXBuildFile; fileRef = 2871412B24EF72AD0096387F /* ViewController.swift */; };
		2871412F24EF72AD0096387F /* Main.storyboard in Resources */ = {isa = PBXBuildFile; fileRef = 2871412D24EF72AD0096387F /* Main.storyboard */; };
		2871413124EF72B00096387F /* Assets.xcassets in Resources */ = {isa = PBXBuildFile; fileRef = 2871413024EF72B00096387F /* Assets.xcassets */; };
		2871413424EF72B00096387F /* LaunchScreen.storyboard in Resources */ = {isa = PBXBuildFile; fileRef = 2871413224EF72B00096387F /* LaunchScreen.storyboard */; };
		2871413F24EF72B00096387F /* LinkedInLoadingViewTests.swift in Sources */ = {isa = PBXBuildFile; fileRef = 2871413E24EF72B00096387F /* LinkedInLoadingViewTests.swift */; };
		2871414A24EF72C40096387F /* LILoadingView.swift in Sources */ = {isa = PBXBuildFile; fileRef = 2871414924EF72C40096387F /* LILoadingView.swift */; };
/* End PBXBuildFile section */

/* Begin PBXContainerItemProxy section */
		2871413B24EF72B00096387F /* PBXContainerItemProxy */ = {
			isa = PBXContainerItemProxy;
			containerPortal = 2871411C24EF72AD0096387F /* Project object */;
			proxyType = 1;
			remoteGlobalIDString = 2871412324EF72AD0096387F;
			remoteInfo = LinkedInLoadingView;
		};
/* End PBXContainerItemProxy section */

/* Begin PBXFileReference section */
		2871412424EF72AD0096387F /* LinkedInLoadingView.app */ = {isa = PBXFileReference; explicitFileType = wrapper.application; includeInIndex = 0; path = LinkedInLoadingView.app; sourceTree = BUILT_PRODUCTS_DIR; };
		2871412724EF72AD0096387F /* AppDelegate.swift */ = {isa = PBXFileReference; lastKnownFileType = sourcecode.swift; path = AppDelegate.swift; sourceTree = "<group>"; };
		2871412924EF72AD0096387F /* SceneDelegate.swift */ = {isa = PBXFileReference; lastKnownFileType = sourcecode.swift; path = SceneDelegate.swift; sourceTree = "<group>"; };
		2871412B24EF72AD0096387F /* ViewController.swift */ = {isa = PBXFileReference; lastKnownFileType = sourcecode.swift; path = ViewController.swift; sourceTree = "<group>"; };
		2871412E24EF72AD0096387F /* Base */ = {isa = PBXFileReference; lastKnownFileType = file.storyboard; name = Base; path = Base.lproj/Main.storyboard; sourceTree = "<group>"; };
		2871413024EF72B00096387F /* Assets.xcassets */ = {isa = PBXFileReference; lastKnownFileType = folder.assetcatalog; path = Assets.xcassets; sourceTree = "<group>"; };
		2871413324EF72B00096387F /* Base */ = {isa = PBXFileReference; lastKnownFileType = file.storyboard; name = Base; path = Base.lproj/LaunchScreen.storyboard; sourceTree = "<group>"; };
		2871413524EF72B00096387F /* Info.plist */ = {isa = PBXFileReference; lastKnownFileType = text.plist.xml; path = Info.plist; sourceTree = "<group>"; };
		2871413A24EF72B00096387F /* LinkedInLoadingViewTests.xctest */ = {isa = PBXFileReference; explicitFileType = wrapper.cfbundle; includeInIndex = 0; path = LinkedInLoadingViewTests.xctest; sourceTree = BUILT_PRODUCTS_DIR; };
		2871413E24EF72B00096387F /* LinkedInLoadingViewTests.swift */ = {isa = PBXFileReference; lastKnownFileType = sourcecode.swift; path = LinkedInLoadingViewTests.swift; sourceTree = "<group>"; };
		2871414024EF72B00096387F /* Info.plist */ = {isa = PBXFileReference; lastKnownFileType = text.plist.xml; path = Info.plist; sourceTree = "<group>"; };
		2871414924EF72C40096387F /* LILoadingView.swift */ = {isa = PBXFileReference; lastKnownFileType = sourcecode.swift; path = LILoadingView.swift; sourceTree = "<group>"; };
/* End PBXFileReference section */

/* Begin PBXFrameworksBuildPhase section */
		2871412124EF72AD0096387F /* Frameworks */ = {
			isa = PBXFrameworksBuildPhase;
			buildActionMask = 2147483647;
			files = (
			);
			runOnlyForDeploymentPostprocessing = 0;
		};
		2871413724EF72B00096387F /* Frameworks */ = {
			isa = PBXFrameworksBuildPhase;
			buildActionMask = 2147483647;
			files = (
			);
			runOnlyForDeploymentPostprocessing = 0;
		};
/* End PBXFrameworksBuildPhase section */

/* Begin PBXGroup section */
		2871411B24EF72AD0096387F = {
			isa = PBXGroup;
			children = (
				2871412624EF72AD0096387F /* LinkedInLoadingView */,
				2871413D24EF72B00096387F /* LinkedInLoadingViewTests */,
				2871412524EF72AD0096387F /* Products */,
			);
			sourceTree = "<group>";
		};
		2871412524EF72AD0096387F /* Products */ = {
			isa = PBXGroup;
			children = (
				2871412424EF72AD0096387F /* LinkedInLoadingView.app */,
				2871413A24EF72B00096387F /* LinkedInLoadingViewTests.xctest */,
			);
			name = Products;
			sourceTree = "<group>";
		};
		2871412624EF72AD0096387F /* LinkedInLoadingView */ = {
			isa = PBXGroup;
			children = (
				2871413524EF72B00096387F /* Info.plist */,
				2871412724EF72AD0096387F /* AppDelegate.swift */,
				2871414924EF72C40096387F /* LILoadingView.swift */,
				2871412924EF72AD0096387F /* SceneDelegate.swift */,
				2871412B24EF72AD0096387F /* ViewController.swift */,
				2871413024EF72B00096387F /* Assets.xcassets */,
				2871413224EF72B00096387F /* LaunchScreen.storyboard */,
				2871412D24EF72AD0096387F /* Main.storyboard */,
			);
			path = LinkedInLoadingView;
			sourceTree = "<group>";
		};
		2871413D24EF72B00096387F /* LinkedInLoadingViewTests */ = {
			isa = PBXGroup;
			children = (
				2871413E24EF72B00096387F /* LinkedInLoadingViewTests.swift */,
				2871414024EF72B00096387F /* Info.plist */,
			);
			path = LinkedInLoadingViewTests;
			sourceTree = "<group>";
		};
/* End PBXGroup section */

/* Begin PBXNativeTarget section */
		2871412324EF72AD0096387F /* LinkedInLoadingView */ = {
			isa = PBXNativeTarget;
			buildConfigurationList = 2871414324EF72B00096387F /* Build configuration list for PBXNativeTarget "LinkedInLoadingView" */;
			buildPhases = (
				2871412024EF72AD0096387F /* Sources */,
				2871412124EF72AD0096387F /* Frameworks */,
				2871412224EF72AD0096387F /* Resources */,
			);
			buildRules = (
			);
			dependencies = (
			);
			name = LinkedInLoadingView;
			productName = LinkedInLoadingView;
			productReference = 2871412424EF72AD0096387F /* LinkedInLoadingView.app */;
			productType = "com.apple.product-type.application";
		};
		2871413924EF72B00096387F /* LinkedInLoadingViewTests */ = {
			isa = PBXNativeTarget;
			buildConfigurationList = 2871414624EF72B00096387F /* Build configuration list for PBXNativeTarget "LinkedInLoadingViewTests" */;
			buildPhases = (
				2871413624EF72B00096387F /* Sources */,
				2871413724EF72B00096387F /* Frameworks */,
				2871413824EF72B00096387F /* Resources */,
			);
			buildRules = (
			);
			dependencies = (
				2871413C24EF72B00096387F /* PBXTargetDependency */,
			);
			name = LinkedInLoadingViewTests;
			productName = LinkedInLoadingViewTests;
			productReference = 2871413A24EF72B00096387F /* LinkedInLoadingViewTests.xctest */;
			productType = "com.apple.product-type.bundle.unit-test";
		};
/* End PBXNativeTarget section */

/* Begin PBXProject section */
		2871411C24EF72AD0096387F /* Project object */ = {
			isa = PBXProject;
			attributes = {
				LastSwiftUpdateCheck = 1140;
				LastUpgradeCheck = 1140;
				ORGANIZATIONNAME = io.github.ahmedkhalaf;
				TargetAttributes = {
					2871412324EF72AD0096387F = {
						CreatedOnToolsVersion = 11.4.1;
					};
					2871413924EF72B00096387F = {
						CreatedOnToolsVersion = 11.4.1;
						TestTargetID = 2871412324EF72AD0096387F;
					};
				};
			};
			buildConfigurationList = 2871411F24EF72AD0096387F /* Build configuration list for PBXProject "LinkedInLoadingView" */;
			compatibilityVersion = "Xcode 9.3";
			developmentRegion = en;
			hasScannedForEncodings = 0;
			knownRegions = (
				en,
				Base,
			);
			mainGroup = 2871411B24EF72AD0096387F;
			productRefGroup = 2871412524EF72AD0096387F /* Products */;
			projectDirPath = "";
			projectRoot = "";
			targets = (
				2871412324EF72AD0096387F /* LinkedInLoadingView */,
				2871413924EF72B00096387F /* LinkedInLoadingViewTests */,
			);
		};
/* End PBXProject section */

/* Begin PBXResourcesBuildPhase section */
		2871412224EF72AD0096387F /* Resources */ = {
			isa = PBXResourcesBuildPhase;
			buildActionMask = 2147483647;
			files = (
				2871413424EF72B00096387F /* LaunchScreen.storyboard in Resources */,
				2871413124EF72B00096387F /* Assets.xcassets in Resources */,
				2871412F24EF72AD0096387F /* Main.storyboard in Resources */,
			);
			runOnlyForDeploymentPostprocessing = 0;
		};
		2871413824EF72B00096387F /* Resources */ = {
			isa = PBXResourcesBuildPhase;
			buildActionMask = 2147483647;
			files = (
			);
			runOnlyForDeploymentPostprocessing = 0;
		};
/* End PBXResourcesBuildPhase section */

/* Begin PBXSourcesBuildPhase section */
		2871412024EF72AD0096387F /* Sources */ = {
			isa = PBXSourcesBuildPhase;
			buildActionMask = 2147483647;
			files = (
				2871414A24EF72C40096387F /* LILoadingView.swift in Sources */,
				2871412C24EF72AD0096387F /* ViewController.swift in Sources */,
				2871412824EF72AD0096387F /* AppDelegate.swift in Sources */,
				2871412A24EF72AD0096387F /* SceneDelegate.swift in Sources */,
			);
			runOnlyForDeploymentPostprocessing = 0;
		};
		2871413624EF72B00096387F /* Sources */ = {
			isa = PBXSourcesBuildPhase;
			buildActionMask = 2147483647;
			files = (
				2871413F24EF72B00096387F /* LinkedInLoadingViewTests.swift in Sources */,
			);
			runOnlyForDeploymentPostprocessing = 0;
		};
/* End PBXSourcesBuildPhase section */

/* Begin PBXTargetDependency section */
		2871413C24EF72B00096387F /* PBXTargetDependency */ = {
			isa = PBXTargetDependency;
			target = 2871412324EF72AD0096387F /* LinkedInLoadingView */;
			targetProxy = 2871413B24EF72B00096387F /* PBXContainerItemProxy */;
		};
/* End PBXTargetDependency section */

/* Begin PBXVariantGroup section */
		2871412D24EF72AD0096387F /* Main.storyboard */ = {
			isa = PBXVariantGroup;
			children = (
				2871412E24EF72AD0096387F /* Base */,
			);
			name = Main.storyboard;
			sourceTree = "<group>";
		};
		2871413224EF72B00096387F /* LaunchScreen.storyboard */ = {
			isa = PBXVariantGroup;
			children = (
				2871413324EF72B00096387F /* Base */,
			);
			name = LaunchScreen.storyboard;
			sourceTree = "<group>";
		};
/* End PBXVariantGroup section */

/* Begin XCBuildConfiguration section */
		2871414124EF72B00096387F /* Debug */ = {
			isa = XCBuildConfiguration;
			buildSettings = {
				ALWAYS_SEARCH_USER_PATHS = NO;
				CLANG_ANALYZER_NONNULL = YES;
				CLANG_ANALYZER_NUMBER_OBJECT_CONVERSION = YES_AGGRESSIVE;
				CLANG_CXX_LANGUAGE_STANDARD = "gnu++14";
				CLANG_CXX_LIBRARY = "libc++";
				CLANG_ENABLE_MODULES = YES;
				CLANG_ENABLE_OBJC_ARC = YES;
				CLANG_ENABLE_OBJC_WEAK = YES;
				CLANG_WARN_BLOCK_CAPTURE_AUTORELEASING = YES;
				CLANG_WARN_BOOL_CONVERSION = YES;
				CLANG_WARN_COMMA = YES;
				CLANG_WARN_CONSTANT_CONVERSION = YES;
				CLANG_WARN_DEPRECATED_OBJC_IMPLEMENTATIONS = YES;
				CLANG_WARN_DIRECT_OBJC_ISA_USAGE = YES_ERROR;
				CLANG_WARN_DOCUMENTATION_COMMENTS = YES;
				CLANG_WARN_EMPTY_BODY = YES;
				CLANG_WARN_ENUM_CONVERSION = YES;
				CLANG_WARN_INFINITE_RECURSION = YES;
				CLANG_WARN_INT_CONVERSION = YES;
				CLANG_WARN_NON_LITERAL_NULL_CONVERSION = YES;
				CLANG_WARN_OBJC_IMPLICIT_RETAIN_SELF = YES;
				CLANG_WARN_OBJC_LITERAL_CONVERSION = YES;
				CLANG_WARN_OBJC_ROOT_CLASS = YES_ERROR;
				CLANG_WARN_RANGE_LOOP_ANALYSIS = YES;
				CLANG_WARN_STRICT_PROTOTYPES = YES;
				CLANG_WARN_SUSPICIOUS_MOVE = YES;
				CLANG_WARN_UNGUARDED_AVAILABILITY = YES_AGGRESSIVE;
				CLANG_WARN_UNREACHABLE_CODE = YES;
				CLANG_WARN__DUPLICATE_METHOD_MATCH = YES;
				COPY_PHASE_STRIP = NO;
				DEBUG_INFORMATION_FORMAT = dwarf;
				ENABLE_STRICT_OBJC_MSGSEND = YES;
				ENABLE_TESTABILITY = YES;
				GCC_C_LANGUAGE_STANDARD = gnu11;
				GCC_DYNAMIC_NO_PIC = NO;
				GCC_NO_COMMON_BLOCKS = YES;
				GCC_OPTIMIZATION_LEVEL = 0;
				GCC_PREPROCESSOR_DEFINITIONS = (
					"DEBUG=1",
					"$(inherited)",
				);
				GCC_WARN_64_TO_32_BIT_CONVERSION = YES;
				GCC_WARN_ABOUT_RETURN_TYPE = YES_ERROR;
				GCC_WARN_UNDECLARED_SELECTOR = YES;
				GCC_WARN_UNINITIALIZED_AUTOS = YES_AGGRESSIVE;
				GCC_WARN_UNUSED_FUNCTION = YES;
				GCC_WARN_UNUSED_VARIABLE = YES;
				IPHONEOS_DEPLOYMENT_TARGET = 13.4;
				MTL_ENABLE_DEBUG_INFO = INCLUDE_SOURCE;
				MTL_FAST_MATH = YES;
				ONLY_ACTIVE_ARCH = YES;
				SDKROOT = iphoneos;
				SWIFT_ACTIVE_COMPILATION_CONDITIONS = DEBUG;
				SWIFT_OPTIMIZATION_LEVEL = "-Onone";
			};
			name = Debug;
		};
		2871414224EF72B00096387F /* Release */ = {
			isa = XCBuildConfiguration;
			buildSettings = {
				ALWAYS_SEARCH_USER_PATHS = NO;
				CLANG_ANALYZER_NONNULL = YES;
				CLANG_ANALYZER_NUMBER_OBJECT_CONVERSION = YES_AGGRESSIVE;
				CLANG_CXX_LANGUAGE_STANDARD = "gnu++14";
				CLANG_CXX_LIBRARY = "libc++";
				CLANG_ENABLE_MODULES = YES;
				CLANG_ENABLE_OBJC_ARC = YES;
				CLANG_ENABLE_OBJC_WEAK = YES;
				CLANG_WARN_BLOCK_CAPTURE_AUTORELEASING = YES;
				CLANG_WARN_BOOL_CONVERSION = YES;
				CLANG_WARN_COMMA = YES;
				CLANG_WARN_CONSTANT_CONVERSION = YES;
				CLANG_WARN_DEPRECATED_OBJC_IMPLEMENTATIONS = YES;
				CLANG_WARN_DIRECT_OBJC_ISA_USAGE = YES_ERROR;
				CLANG_WARN_DOCUMENTATION_COMMENTS = YES;
				CLANG_WARN_EMPTY_BODY = YES;
				CLANG_WARN_ENUM_CONVERSION = YES;
				CLANG_WARN_INFINITE_RECURSION = YES;
				CLANG_WARN_INT_CONVERSION = YES;
				CLANG_WARN_NON_LITERAL_NULL_CONVERSION = YES;
				CLANG_WARN_OBJC_IMPLICIT_RETAIN_SELF = YES;
				CLANG_WARN_OBJC_LITERAL_CONVERSION = YES;
				CLANG_WARN_OBJC_ROOT_CLASS = YES_ERROR;
				CLANG_WARN_RANGE_LOOP_ANALYSIS = YES;
				CLANG_WARN_STRICT_PROTOTYPES = YES;
				CLANG_WARN_SUSPICIOUS_MOVE = YES;
				CLANG_WARN_UNGUARDED_AVAILABILITY = YES_AGGRESSIVE;
				CLANG_WARN_UNREACHABLE_CODE = YES;
				CLANG_WARN__DUPLICATE_METHOD_MATCH = YES;
				COPY_PHASE_STRIP = NO;
				DEBUG_INFORMATION_FORMAT = "dwarf-with-dsym";
				ENABLE_NS_ASSERTIONS = NO;
				ENABLE_STRICT_OBJC_MSGSEND = YES;
				GCC_C_LANGUAGE_STANDARD = gnu11;
				GCC_NO_COMMON_BLOCKS = YES;
				GCC_WARN_64_TO_32_BIT_CONVERSION = YES;
				GCC_WARN_ABOUT_RETURN_TYPE = YES_ERROR;
				GCC_WARN_UNDECLARED_SELECTOR = YES;
				GCC_WARN_UNINITIALIZED_AUTOS = YES_AGGRESSIVE;
				GCC_WARN_UNUSED_FUNCTION = YES;
				GCC_WARN_UNUSED_VARIABLE = YES;
				IPHONEOS_DEPLOYMENT_TARGET = 13.4;
				MTL_ENABLE_DEBUG_INFO = NO;
				MTL_FAST_MATH = YES;
				SDKROOT = iphoneos;
				SWIFT_COMPILATION_MODE = wholemodule;
				SWIFT_OPTIMIZATION_LEVEL = "-O";
				VALIDATE_PRODUCT = YES;
			};
			name = Release;
		};
		2871414424EF72B00096387F /* Debug */ = {
			isa = XCBuildConfiguration;
			buildSettings = {
				ASSETCATALOG_COMPILER_APPICON_NAME = AppIcon;
				CODE_SIGN_STYLE = Automatic;
				DEVELOPMENT_TEAM = BCX3Z4NU85;
				INFOPLIST_FILE = LinkedInLoadingView/Info.plist;
				LD_RUNPATH_SEARCH_PATHS = (
					"$(inherited)",
					"@executable_path/Frameworks",
				);
				PRODUCT_BUNDLE_IDENTIFIER = AK.LinkedInLoadingView;
				PRODUCT_NAME = "$(TARGET_NAME)";
				SWIFT_VERSION = 5.0;
				TARGETED_DEVICE_FAMILY = "1,2";
			};
			name = Debug;
		};
		2871414524EF72B00096387F /* Release */ = {
			isa = XCBuildConfiguration;
			buildSettings = {
				ASSETCATALOG_COMPILER_APPICON_NAME = AppIcon;
				CODE_SIGN_STYLE = Automatic;
				DEVELOPMENT_TEAM = BCX3Z4NU85;
				INFOPLIST_FILE = LinkedInLoadingView/Info.plist;
				LD_RUNPATH_SEARCH_PATHS = (
					"$(inherited)",
					"@executable_path/Frameworks",
				);
				PRODUCT_BUNDLE_IDENTIFIER = AK.LinkedInLoadingView;
				PRODUCT_NAME = "$(TARGET_NAME)";
				SWIFT_VERSION = 5.0;
				TARGETED_DEVICE_FAMILY = "1,2";
			};
			name = Release;
		};
		2871414724EF72B00096387F /* Debug */ = {
			isa = XCBuildConfiguration;
			buildSettings = {
				ALWAYS_EMBED_SWIFT_STANDARD_LIBRARIES = YES;
				BUNDLE_LOADER = "$(TEST_HOST)";
				CODE_SIGN_STYLE = Automatic;
				DEVELOPMENT_TEAM = BCX3Z4NU85;
				INFOPLIST_FILE = LinkedInLoadingViewTests/Info.plist;
				IPHONEOS_DEPLOYMENT_TARGET = 13.4;
				LD_RUNPATH_SEARCH_PATHS = (
					"$(inherited)",
					"@executable_path/Frameworks",
					"@loader_path/Frameworks",
				);
				PRODUCT_BUNDLE_IDENTIFIER = AK.LinkedInLoadingViewTests;
				PRODUCT_NAME = "$(TARGET_NAME)";
				SWIFT_VERSION = 5.0;
				TARGETED_DEVICE_FAMILY = "1,2";
				TEST_HOST = "$(BUILT_PRODUCTS_DIR)/LinkedInLoadingView.app/LinkedInLoadingView";
			};
			name = Debug;
		};
		2871414824EF72B00096387F /* Release */ = {
			isa = XCBuildConfiguration;
			buildSettings = {
				ALWAYS_EMBED_SWIFT_STANDARD_LIBRARIES = YES;
				BUNDLE_LOADER = "$(TEST_HOST)";
				CODE_SIGN_STYLE = Automatic;
				DEVELOPMENT_TEAM = BCX3Z4NU85;
				INFOPLIST_FILE = LinkedInLoadingViewTests/Info.plist;
				IPHONEOS_DEPLOYMENT_TARGET = 13.4;
				LD_RUNPATH_SEARCH_PATHS = (
					"$(inherited)",
					"@executable_path/Frameworks",
					"@loader_path/Frameworks",
				);
				PRODUCT_BUNDLE_IDENTIFIER = AK.LinkedInLoadingViewTests;
				PRODUCT_NAME = "$(TARGET_NAME)";
				SWIFT_VERSION = 5.0;
				TARGETED_DEVICE_FAMILY = "1,2";
				TEST_HOST = "$(BUILT_PRODUCTS_DIR)/LinkedInLoadingView.app/LinkedInLoadingView";
			};
			name = Release;
		};
/* End XCBuildConfiguration section */

/* Begin XCConfigurationList section */
		2871411F24EF72AD0096387F /* Build configuration list for PBXProject "LinkedInLoadingView" */ = {
			isa = XCConfigurationList;
			buildConfigurations = (
				2871414124EF72B00096387F /* Debug */,
				2871414224EF72B00096387F /* Release */,
			);
			defaultConfigurationIsVisible = 0;
			defaultConfigurationName = Release;
		};
		2871414324EF72B00096387F /* Build configuration list for PBXNativeTarget "LinkedInLoadingView" */ = {
			isa = XCConfigurationList;
			buildConfigurations = (
				2871414424EF72B00096387F /* Debug */,
				2871414524EF72B00096387F /* Release */,
			);
			defaultConfigurationIsVisible = 0;
			defaultConfigurationName = Release;
		};
		2871414624EF72B00096387F /* Build configuration list for PBXNativeTarget "LinkedInLoadingViewTests" */ = {
			isa = XCConfigurationList;
			buildConfigurations = (
				2871414724EF72B00096387F /* Debug */,
				2871414824EF72B00096387F /* Release */,
			);
			defaultConfigurationIsVisible = 0;
			defaultConfigurationName = Release;
		};
/* End XCConfigurationList section */
	};
	rootObject = 2871411C24EF72AD0096387F /* Project object */;
}
